
Microsoft Visual Studio Solution File, Format Version 12.00
# Visual Studio Version 17
VisualStudioVersion = 17.5.33424.131
MinimumVisualStudioVersion = 10.0.40219.1
Project("{FAE04EC0-301F-11D3-BF4B-00C04F79EFBC}") = "SoccrServer", "SoccrServer\SoccrServer.csproj", "{ABB14310-0A3A-4580-B14A-E996B45030EB}"
EndProject
Global
	GlobalSection(SolutionConfigurationPlatforms) = preSolution
		Debug|Any CPU = Debug|Any CPU
		Release|Any CPU = Release|Any CPU
	EndGlobalSection
	GlobalSection(ProjectConfigurationPlatforms) = postSolution
		{ABB14310-0A3A-4580-B14A-E996B45030EB}.Debug|Any CPU.ActiveCfg = Debug|Any CPU
		{ABB14310-0A3A-4580-B14A-E996B45030EB}.Debug|Any CPU.Build.0 = Debug|Any CPU
		{ABB14310-0A3A-4580-B14A-E996B45030EB}.Release|Any CPU.ActiveCfg = Release|Any CPU
		{ABB14310-0A3A-4580-B14A-E996B45030EB}.Release|Any CPU.Build.0 = Release|Any CPU
	EndGlobalSection
	GlobalSection(SolutionProperties) = preSolution
		HideSolutionNode = FALSE
	EndGlobalSection
	GlobalSection(ExtensibilityGlobals) = postSolution
		SolutionGuid = {88B2ACBF-12E0-42C6-9822-45EF7AB4CDDE}
	EndGlobalSection
EndGlobal
